// !$*UTF8*$!
{
	archiveVersion = 1;
	classes = {
	};
	objectVersion = 46;
	objects = {

/* Begin PBXBuildFile section */
		A09F683B1A7C1948001789D4 /* AppDelegate.swift in Sources */ = {isa = PBXBuildFile; fileRef = A09F683A1A7C1948001789D4 /* AppDelegate.swift */; };
		A09F683E1A7C1948001789D4 /* FoodTrackerV2.xcdatamodeld in Sources */ = {isa = PBXBuildFile; fileRef = A09F683C1A7C1948001789D4 /* FoodTrackerV2.xcdatamodeld */; };
		A09F68401A7C1948001789D4 /* ViewController.swift in Sources */ = {isa = PBXBuildFile; fileRef = A09F683F1A7C1948001789D4 /* ViewController.swift */; };
		A09F68431A7C1948001789D4 /* Main.storyboard in Resources */ = {isa = PBXBuildFile; fileRef = A09F68411A7C1948001789D4 /* Main.storyboard */; };
		A09F68451A7C1948001789D4 /* Images.xcassets in Resources */ = {isa = PBXBuildFile; fileRef = A09F68441A7C1948001789D4 /* Images.xcassets */; };
		A09F68481A7C1948001789D4 /* LaunchScreen.xib in Resources */ = {isa = PBXBuildFile; fileRef = A09F68461A7C1948001789D4 /* LaunchScreen.xib */; };
		A09F68541A7C1948001789D4 /* FoodTrackerV2Tests.swift in Sources */ = {isa = PBXBuildFile; fileRef = A09F68531A7C1948001789D4 /* FoodTrackerV2Tests.swift */; };
		A09F68601A7C1C5B001789D4 /* DetailViewController.swift in Sources */ = {isa = PBXBuildFile; fileRef = A09F685F1A7C1C5B001789D4 /* DetailViewController.swift */; };
		A09F68621A7C2661001789D4 /* DataController.swift in Sources */ = {isa = PBXBuildFile; fileRef = A09F68611A7C2661001789D4 /* DataController.swift */; };
		A09F68641A7C328C001789D4 /* USDAItem.swift in Sources */ = {isa = PBXBuildFile; fileRef = A09F68631A7C328C001789D4 /* USDAItem.swift */; };
/* End PBXBuildFile section */

/* Begin PBXContainerItemProxy section */
		A09F684E1A7C1948001789D4 /* PBXContainerItemProxy */ = {
			isa = PBXContainerItemProxy;
			containerPortal = A09F682D1A7C1948001789D4 /* Project object */;
			proxyType = 1;
			remoteGlobalIDString = A09F68341A7C1948001789D4;
			remoteInfo = FoodTrackerV2;
		};
/* End PBXContainerItemProxy section */

/* Begin PBXFileReference section */
		A09F68351A7C1948001789D4 /* FoodTrackerV2.app */ = {isa = PBXFileReference; explicitFileType = wrapper.application; includeInIndex = 0; path = FoodTrackerV2.app; sourceTree = BUILT_PRODUCTS_DIR; };
		A09F68391A7C1948001789D4 /* Info.plist */ = {isa = PBXFileReference; lastKnownFileType = text.plist.xml; path = Info.plist; sourceTree = "<group>"; };
		A09F683A1A7C1948001789D4 /* AppDelegate.swift */ = {isa = PBXFileReference; lastKnownFileType = sourcecode.swift; path = AppDelegate.swift; sourceTree = "<group>"; };
		A09F683D1A7C1948001789D4 /* FoodTrackerV2.xcdatamodel */ = {isa = PBXFileReference; lastKnownFileType = wrapper.xcdatamodel; path = FoodTrackerV2.xcdatamodel; sourceTree = "<group>"; };
		A09F683F1A7C1948001789D4 /* ViewController.swift */ = {isa = PBXFileReference; lastKnownFileType = sourcecode.swift; path = ViewController.swift; sourceTree = "<group>"; };
		A09F68421A7C1948001789D4 /* Base */ = {isa = PBXFileReference; lastKnownFileType = file.storyboard; name = Base; path = Base.lproj/Main.storyboard; sourceTree = "<group>"; };
		A09F68441A7C1948001789D4 /* Images.xcassets */ = {isa = PBXFileReference; lastKnownFileType = folder.assetcatalog; path = Images.xcassets; sourceTree = "<group>"; };
		A09F68471A7C1948001789D4 /* Base */ = {isa = PBXFileReference; lastKnownFileType = file.xib; name = Base; path = Base.lproj/LaunchScreen.xib; sourceTree = "<group>"; };
		A09F684D1A7C1948001789D4 /* FoodTrackerV2Tests.xctest */ = {isa = PBXFileReference; explicitFileType = wrapper.cfbundle; includeInIndex = 0; path = FoodTrackerV2Tests.xctest; sourceTree = BUILT_PRODUCTS_DIR; };
		A09F68521A7C1948001789D4 /* Info.plist */ = {isa = PBXFileReference; lastKnownFileType = text.plist.xml; path = Info.plist; sourceTree = "<group>"; };
		A09F68531A7C1948001789D4 /* FoodTrackerV2Tests.swift */ = {isa = PBXFileReference; lastKnownFileType = sourcecode.swift; path = FoodTrackerV2Tests.swift; sourceTree = "<group>"; };
		A09F685F1A7C1C5B001789D4 /* DetailViewController.swift */ = {isa = PBXFileReference; fileEncoding = 4; lastKnownFileType = sourcecode.swift; path = DetailViewController.swift; sourceTree = "<group>"; };
		A09F68611A7C2661001789D4 /* DataController.swift */ = {isa = PBXFileReference; fileEncoding = 4; lastKnownFileType = sourcecode.swift; path = DataController.swift; sourceTree = "<group>"; };
		A09F68631A7C328C001789D4 /* USDAItem.swift */ = {isa = PBXFileReference; fileEncoding = 4; lastKnownFileType = sourcecode.swift; path = USDAItem.swift; sourceTree = "<group>"; };
/* End PBXFileReference section */

/* Begin PBXFrameworksBuildPhase section */
		A09F68321A7C1948001789D4 /* Frameworks */ = {
			isa = PBXFrameworksBuildPhase;
			buildActionMask = 2147483647;
			files = (
			);
			runOnlyForDeploymentPostprocessing = 0;
		};
		A09F684A1A7C1948001789D4 /* Frameworks */ = {
			isa = PBXFrameworksBuildPhase;
			buildActionMask = 2147483647;
			files = (
			);
			runOnlyForDeploymentPostprocessing = 0;
		};
/* End PBXFrameworksBuildPhase section */

/* Begin PBXGroup section */
		A09F682C1A7C1948001789D4 = {
			isa = PBXGroup;
			children = (
				A09F68371A7C1948001789D4 /* FoodTrackerV2 */,
				A09F68501A7C1948001789D4 /* FoodTrackerV2Tests */,
				A09F68361A7C1948001789D4 /* Products */,
			);
			sourceTree = "<group>";
		};
		A09F68361A7C1948001789D4 /* Products */ = {
			isa = PBXGroup;
			children = (
				A09F68351A7C1948001789D4 /* FoodTrackerV2.app */,
				A09F684D1A7C1948001789D4 /* FoodTrackerV2Tests.xctest */,
			);
			name = Products;
			sourceTree = "<group>";
		};
		A09F68371A7C1948001789D4 /* FoodTrackerV2 */ = {
			isa = PBXGroup;
			children = (
				A09F683A1A7C1948001789D4 /* AppDelegate.swift */,
				A09F683F1A7C1948001789D4 /* ViewController.swift */,
				A09F68611A7C2661001789D4 /* DataController.swift */,
				A09F685F1A7C1C5B001789D4 /* DetailViewController.swift */,
				A09F68411A7C1948001789D4 /* Main.storyboard */,
				A09F68441A7C1948001789D4 /* Images.xcassets */,
				A09F68461A7C1948001789D4 /* LaunchScreen.xib */,
				A09F683C1A7C1948001789D4 /* FoodTrackerV2.xcdatamodeld */,
				A09F68631A7C328C001789D4 /* USDAItem.swift */,
				A09F68381A7C1948001789D4 /* Supporting Files */,
			);
			path = FoodTrackerV2;
			sourceTree = "<group>";
		};
		A09F68381A7C1948001789D4 /* Supporting Files */ = {
			isa = PBXGroup;
			children = (
				A09F68391A7C1948001789D4 /* Info.plist */,
			);
			name = "Supporting Files";
			sourceTree = "<group>";
		};
		A09F68501A7C1948001789D4 /* FoodTrackerV2Tests */ = {
			isa = PBXGroup;
			children = (
				A09F68531A7C1948001789D4 /* FoodTrackerV2Tests.swift */,
				A09F68511A7C1948001789D4 /* Supporting Files */,
			);
			path = FoodTrackerV2Tests;
			sourceTree = "<group>";
		};
		A09F68511A7C1948001789D4 /* Supporting Files */ = {
			isa = PBXGroup;
			children = (
				A09F68521A7C1948001789D4 /* Info.plist */,
			);
			name = "Supporting Files";
			sourceTree = "<group>";
		};
/* End PBXGroup section */

/* Begin PBXNativeTarget section */
		A09F68341A7C1948001789D4 /* FoodTrackerV2 */ = {
			isa = PBXNativeTarget;
			buildConfigurationList = A09F68571A7C1948001789D4 /* Build configuration list for PBXNativeTarget "FoodTrackerV2" */;
			buildPhases = (
				A09F68311A7C1948001789D4 /* Sources */,
				A09F68321A7C1948001789D4 /* Frameworks */,
				A09F68331A7C1948001789D4 /* Resources */,
			);
			buildRules = (
			);
			dependencies = (
			);
			name = FoodTrackerV2;
			productName = FoodTrackerV2;
			productReference = A09F68351A7C1948001789D4 /* FoodTrackerV2.app */;
			productType = "com.apple.product-type.application";
		};
		A09F684C1A7C1948001789D4 /* FoodTrackerV2Tests */ = {
			isa = PBXNativeTarget;
			buildConfigurationList = A09F685A1A7C1948001789D4 /* Build configuration list for PBXNativeTarget "FoodTrackerV2Tests" */;
			buildPhases = (
				A09F68491A7C1948001789D4 /* Sources */,
				A09F684A1A7C1948001789D4 /* Frameworks */,
				A09F684B1A7C1948001789D4 /* Resources */,
			);
			buildRules = (
			);
			dependencies = (
				A09F684F1A7C1948001789D4 /* PBXTargetDependency */,
			);
			name = FoodTrackerV2Tests;
			productName = FoodTrackerV2Tests;
			productReference = A09F684D1A7C1948001789D4 /* FoodTrackerV2Tests.xctest */;
			productType = "com.apple.product-type.bundle.unit-test";
		};
/* End PBXNativeTarget section */

/* Begin PBXProject section */
		A09F682D1A7C1948001789D4 /* Project object */ = {
			isa = PBXProject;
			attributes = {
				LastUpgradeCheck = 0610;
				ORGANIZATIONNAME = devlori;
				TargetAttributes = {
					A09F68341A7C1948001789D4 = {
						CreatedOnToolsVersion = 6.1.1;
					};
					A09F684C1A7C1948001789D4 = {
						CreatedOnToolsVersion = 6.1.1;
						TestTargetID = A09F68341A7C1948001789D4;
					};
				};
			};
			buildConfigurationList = A09F68301A7C1948001789D4 /* Build configuration list for PBXProject "FoodTrackerV2" */;
			compatibilityVersion = "Xcode 3.2";
			developmentRegion = English;
			hasScannedForEncodings = 0;
			knownRegions = (
				en,
				Base,
			);
			mainGroup = A09F682C1A7C1948001789D4;
			productRefGroup = A09F68361A7C1948001789D4 /* Products */;
			projectDirPath = "";
			projectRoot = "";
			targets = (
				A09F68341A7C1948001789D4 /* FoodTrackerV2 */,
				A09F684C1A7C1948001789D4 /* FoodTrackerV2Tests */,
			);
		};
/* End PBXProject section */

/* Begin PBXResourcesBuildPhase section */
		A09F68331A7C1948001789D4 /* Resources */ = {
			isa = PBXResourcesBuildPhase;
			buildActionMask = 2147483647;
			files = (
				A09F68431A7C1948001789D4 /* Main.storyboard in Resources */,
				A09F68481A7C1948001789D4 /* LaunchScreen.xib in Resources */,
				A09F68451A7C1948001789D4 /* Images.xcassets in Resources */,
			);
			runOnlyForDeploymentPostprocessing = 0;
		};
		A09F684B1A7C1948001789D4 /* Resources */ = {
			isa = PBXResourcesBuildPhase;
			buildActionMask = 2147483647;
			files = (
			);
			runOnlyForDeploymentPostprocessing = 0;
		};
/* End PBXResourcesBuildPhase section */

/* Begin PBXSourcesBuildPhase section */
		A09F68311A7C1948001789D4 /* Sources */ = {
			isa = PBXSourcesBuildPhase;
			buildActionMask = 2147483647;
			files = (
				A09F68621A7C2661001789D4 /* DataController.swift in Sources */,
				A09F68401A7C1948001789D4 /* ViewController.swift in Sources */,
				A09F683E1A7C1948001789D4 /* FoodTrackerV2.xcdatamodeld in Sources */,
				A09F68641A7C328C001789D4 /* USDAItem.swift in Sources */,
				A09F683B1A7C1948001789D4 /* AppDelegate.swift in Sources */,
				A09F68601A7C1C5B001789D4 /* DetailViewController.swift in Sources */,
			);
			runOnlyForDeploymentPostprocessing = 0;
		};
		A09F68491A7C1948001789D4 /* Sources */ = {
			isa = PBXSourcesBuildPhase;
			buildActionMask = 2147483647;
			files = (
				A09F68541A7C1948001789D4 /* FoodTrackerV2Tests.swift in Sources */,
			);
			runOnlyForDeploymentPostprocessing = 0;
		};
/* End PBXSourcesBuildPhase section */

/* Begin PBXTargetDependency section */
		A09F684F1A7C1948001789D4 /* PBXTargetDependency */ = {
			isa = PBXTargetDependency;
			target = A09F68341A7C1948001789D4 /* FoodTrackerV2 */;
			targetProxy = A09F684E1A7C1948001789D4 /* PBXContainerItemProxy */;
		};
/* End PBXTargetDependency section */

/* Begin PBXVariantGroup section */
		A09F68411A7C1948001789D4 /* Main.storyboard */ = {
			isa = PBXVariantGroup;
			children = (
				A09F68421A7C1948001789D4 /* Base */,
			);
			name = Main.storyboard;
			sourceTree = "<group>";
		};
		A09F68461A7C1948001789D4 /* LaunchScreen.xib */ = {
			isa = PBXVariantGroup;
			children = (
				A09F68471A7C1948001789D4 /* Base */,
			);
			name = LaunchScreen.xib;
			sourceTree = "<group>";
		};
/* End PBXVariantGroup section */

/* Begin XCBuildConfiguration section */
		A09F68551A7C1948001789D4 /* Debug */ = {
			isa = XCBuildConfiguration;
			buildSettings = {
				ALWAYS_SEARCH_USER_PATHS = NO;
				CLANG_CXX_LANGUAGE_STANDARD = "gnu++0x";
				CLANG_CXX_LIBRARY = "libc++";
				CLANG_ENABLE_MODULES = YES;
				CLANG_ENABLE_OBJC_ARC = YES;
				CLANG_WARN_BOOL_CONVERSION = YES;
				CLANG_WARN_CONSTANT_CONVERSION = YES;
				CLANG_WARN_DIRECT_OBJC_ISA_USAGE = YES_ERROR;
				CLANG_WARN_EMPTY_BODY = YES;
				CLANG_WARN_ENUM_CONVERSION = YES;
				CLANG_WARN_INT_CONVERSION = YES;
				CLANG_WARN_OBJC_ROOT_CLASS = YES_ERROR;
				CLANG_WARN_UNREACHABLE_CODE = YES;
				CLANG_WARN__DUPLICATE_METHOD_MATCH = YES;
				"CODE_SIGN_IDENTITY[sdk=iphoneos*]" = "iPhone Developer";
				COPY_PHASE_STRIP = NO;
				ENABLE_STRICT_OBJC_MSGSEND = YES;
				GCC_C_LANGUAGE_STANDARD = gnu99;
				GCC_DYNAMIC_NO_PIC = NO;
				GCC_OPTIMIZATION_LEVEL = 0;
				GCC_PREPROCESSOR_DEFINITIONS = (
					"DEBUG=1",
					"$(inherited)",
				);
				GCC_SYMBOLS_PRIVATE_EXTERN = NO;
				GCC_WARN_64_TO_32_BIT_CONVERSION = YES;
				GCC_WARN_ABOUT_RETURN_TYPE = YES_ERROR;
				GCC_WARN_UNDECLARED_SELECTOR = YES;
				GCC_WARN_UNINITIALIZED_AUTOS = YES_AGGRESSIVE;
				GCC_WARN_UNUSED_FUNCTION = YES;
				GCC_WARN_UNUSED_VARIABLE = YES;
				IPHONEOS_DEPLOYMENT_TARGET = 8.1;
				MTL_ENABLE_DEBUG_INFO = YES;
				ONLY_ACTIVE_ARCH = YES;
				SDKROOT = iphoneos;
				SWIFT_OPTIMIZATION_LEVEL = "-Onone";
				TARGETED_DEVICE_FAMILY = "1,2";
			};
			name = Debug;
		};
		A09F68561A7C1948001789D4 /* Release */ = {
			isa = XCBuildConfiguration;
			buildSettings = {
				ALWAYS_SEARCH_USER_PATHS = NO;
				CLANG_CXX_LANGUAGE_STANDARD = "gnu++0x";
				CLANG_CXX_LIBRARY = "libc++";
				CLANG_ENABLE_MODULES = YES;
				CLANG_ENABLE_OBJC_ARC = YES;
				CLANG_WARN_BOOL_CONVERSION = YES;
				CLANG_WARN_CONSTANT_CONVERSION = YES;
				CLANG_WARN_DIRECT_OBJC_ISA_USAGE = YES_ERROR;
				CLANG_WARN_EMPTY_BODY = YES;
				CLANG_WARN_ENUM_CONVERSION = YES;
				CLANG_WARN_INT_CONVERSION = YES;
				CLANG_WARN_OBJC_ROOT_CLASS = YES_ERROR;
				CLANG_WARN_UNREACHABLE_CODE = YES;
				CLANG_WARN__DUPLICATE_METHOD_MATCH = YES;
				"CODE_SIGN_IDENTITY[sdk=iphoneos*]" = "iPhone Developer";
				COPY_PHASE_STRIP = YES;
				ENABLE_NS_ASSERTIONS = NO;
				ENABLE_STRICT_OBJC_MSGSEND = YES;
				GCC_C_LANGUAGE_STANDARD = gnu99;
				GCC_WARN_64_TO_32_BIT_CONVERSION = YES;
				GCC_WARN_ABOUT_RETURN_TYPE = YES_ERROR;
				GCC_WARN_UNDECLARED_SELECTOR = YES;
				GCC_WARN_UNINITIALIZED_AUTOS = YES_AGGRESSIVE;
				GCC_WARN_UNUSED_FUNCTION = YES;
				GCC_WARN_UNUSED_VARIABLE = YES;
				IPHONEOS_DEPLOYMENT_TARGET = 8.1;
				MTL_ENABLE_DEBUG_INFO = NO;
				SDKROOT = iphoneos;
				TARGETED_DEVICE_FAMILY = "1,2";
				VALIDATE_PRODUCT = YES;
			};
			name = Release;
		};
		A09F68581A7C1948001789D4 /* Debug */ = {
			isa = XCBuildConfiguration;
			buildSettings = {
				ASSETCATALOG_COMPILER_APPICON_NAME = AppIcon;
				INFOPLIST_FILE = FoodTrackerV2/Info.plist;
				LD_RUNPATH_SEARCH_PATHS = "$(inherited) @executable_path/Frameworks";
				PRODUCT_NAME = "$(TARGET_NAME)";
			};
			name = Debug;
		};
		A09F68591A7C1948001789D4 /* Release */ = {
			isa = XCBuildConfiguration;
			buildSettings = {
				ASSETCATALOG_COMPILER_APPICON_NAME = AppIcon;
				INFOPLIST_FILE = FoodTrackerV2/Info.plist;
				LD_RUNPATH_SEARCH_PATHS = "$(inherited) @executable_path/Frameworks";
				PRODUCT_NAME = "$(TARGET_NAME)";
			};
			name = Release;
		};
		A09F685B1A7C1948001789D4 /* Debug */ = {
			isa = XCBuildConfiguration;
			buildSettings = {
				BUNDLE_LOADER = "$(TEST_HOST)";
				FRAMEWORK_SEARCH_PATHS = (
					"$(SDKROOT)/Developer/Library/Frameworks",
					"$(inherited)",
				);
				GCC_PREPROCESSOR_DEFINITIONS = (
					"DEBUG=1",
					"$(inherited)",
				);
				INFOPLIST_FILE = FoodTrackerV2Tests/Info.plist;
				LD_RUNPATH_SEARCH_PATHS = "$(inherited) @executable_path/Frameworks @loader_path/Frameworks";
				PRODUCT_NAME = "$(TARGET_NAME)";
				TEST_HOST = "$(BUILT_PRODUCTS_DIR)/FoodTrackerV2.app/FoodTrackerV2";
			};
			name = Debug;
		};
		A09F685C1A7C1948001789D4 /* Release */ = {
			isa = XCBuildConfiguration;
			buildSettings = {
				BUNDLE_LOADER = "$(TEST_HOST)";
				FRAMEWORK_SEARCH_PATHS = (
					"$(SDKROOT)/Developer/Library/Frameworks",
					"$(inherited)",
				);
				INFOPLIST_FILE = FoodTrackerV2Tests/Info.plist;
				LD_RUNPATH_SEARCH_PATHS = "$(inherited) @executable_path/Frameworks @loader_path/Frameworks";
				PRODUCT_NAME = "$(TARGET_NAME)";
				TEST_HOST = "$(BUILT_PRODUCTS_DIR)/FoodTrackerV2.app/FoodTrackerV2";
			};
			name = Release;
		};
/* End XCBuildConfiguration section */

/* Begin XCConfigurationList section */
		A09F68301A7C1948001789D4 /* Build configuration list for PBXProject "FoodTrackerV2" */ = {
			isa = XCConfigurationList;
			buildConfigurations = (
				A09F68551A7C1948001789D4 /* Debug */,
				A09F68561A7C1948001789D4 /* Release */,
			);
			defaultConfigurationIsVisible = 0;
			defaultConfigurationName = Release;
		};
		A09F68571A7C1948001789D4 /* Build configuration list for PBXNativeTarget "FoodTrackerV2" */ = {
			isa = XCConfigurationList;
			buildConfigurations = (
				A09F68581A7C1948001789D4 /* Debug */,
				A09F68591A7C1948001789D4 /* Release */,
			);
			defaultConfigurationIsVisible = 0;
		};
		A09F685A1A7C1948001789D4 /* Build configuration list for PBXNativeTarget "FoodTrackerV2Tests" */ = {
			isa = XCConfigurationList;
			buildConfigurations = (
				A09F685B1A7C1948001789D4 /* Debug */,
				A09F685C1A7C1948001789D4 /* Release */,
			);
			defaultConfigurationIsVisible = 0;
		};
/* End XCConfigurationList section */

/* Begin XCVersionGroup section */
		A09F683C1A7C1948001789D4 /* FoodTrackerV2.xcdatamodeld */ = {
			isa = XCVersionGroup;
			children = (
				A09F683D1A7C1948001789D4 /* FoodTrackerV2.xcdatamodel */,
			);
			currentVersion = A09F683D1A7C1948001789D4 /* FoodTrackerV2.xcdatamodel */;
			path = FoodTrackerV2.xcdatamodeld;
			sourceTree = "<group>";
			versionGroupType = wrapper.xcdatamodel;
		};
/* End XCVersionGroup section */
	};
	rootObject = A09F682D1A7C1948001789D4 /* Project object */;
}
